// !$*UTF8*$!
{
	archiveVersion = 1;
	classes = {
	};
	objectVersion = 51;
	objects = {

/* Begin PBXBuildFile section */
		5ED4C05E9BA0611308543724 /* Pods_SafeMessenger.framework in Frameworks */ = {isa = PBXBuildFile; fileRef = 36E162C6659804529547832D /* Pods_SafeMessenger.framework */; };
		6D186FE72656F60F00CE46D9 /* AppDelegate.swift in Sources */ = {isa = PBXBuildFile; fileRef = 6D186FE62656F60F00CE46D9 /* AppDelegate.swift */; };
		6D186FE92656F60F00CE46D9 /* SceneDelegate.swift in Sources */ = {isa = PBXBuildFile; fileRef = 6D186FE82656F60F00CE46D9 /* SceneDelegate.swift */; };
		6D186FEB2656F60F00CE46D9 /* ChatListViewController.swift in Sources */ = {isa = PBXBuildFile; fileRef = 6D186FEA2656F60F00CE46D9 /* ChatListViewController.swift */; };
		6D186FEE2656F60F00CE46D9 /* Main.storyboard in Resources */ = {isa = PBXBuildFile; fileRef = 6D186FEC2656F60F00CE46D9 /* Main.storyboard */; };
		6D186FF32656F61100CE46D9 /* LaunchScreen.storyboard in Resources */ = {isa = PBXBuildFile; fileRef = 6D186FF12656F61100CE46D9 /* LaunchScreen.storyboard */; };
		6D1870012656F82400CE46D9 /* LogInViewController.swift in Sources */ = {isa = PBXBuildFile; fileRef = 6D1870002656F82400CE46D9 /* LogInViewController.swift */; };
		6D1870032656F82D00CE46D9 /* RegisterViewController.swift in Sources */ = {isa = PBXBuildFile; fileRef = 6D1870022656F82D00CE46D9 /* RegisterViewController.swift */; };
		6D1870052656F85600CE46D9 /* ImageViewerViewController.swift in Sources */ = {isa = PBXBuildFile; fileRef = 6D1870042656F85600CE46D9 /* ImageViewerViewController.swift */; };
		6D1870072656F86300CE46D9 /* VideoPlayerViewController.swift in Sources */ = {isa = PBXBuildFile; fileRef = 6D1870062656F86300CE46D9 /* VideoPlayerViewController.swift */; };
		6D1870092656F87600CE46D9 /* SearchUserViewController.swift in Sources */ = {isa = PBXBuildFile; fileRef = 6D1870082656F87600CE46D9 /* SearchUserViewController.swift */; };
		6D18700B2656F88000CE46D9 /* ProfileViewController.swift in Sources */ = {isa = PBXBuildFile; fileRef = 6D18700A2656F88000CE46D9 /* ProfileViewController.swift */; };
		6D1870112657C35E00CE46D9 /* Assets.xcassets in Resources */ = {isa = PBXBuildFile; fileRef = 6D1870102657C35E00CE46D9 /* Assets.xcassets */; };
		6D1870142657F80F00CE46D9 /* Extensions.swift in Sources */ = {isa = PBXBuildFile; fileRef = 6D1870132657F80F00CE46D9 /* Extensions.swift */; };
		6D1A43CE26623D130009C356 /* ChatListMultiViewController.swift in Sources */ = {isa = PBXBuildFile; fileRef = 6D1A43CD26623D130009C356 /* ChatListMultiViewController.swift */; };
		6D1A43D0266268020009C356 /* HamburgerViewController.swift in Sources */ = {isa = PBXBuildFile; fileRef = 6D1A43CF266268020009C356 /* HamburgerViewController.swift */; };
		6D1A43D2266269F60009C356 /* HamburgerViewModel.swift in Sources */ = {isa = PBXBuildFile; fileRef = 6D1A43D1266269F60009C356 /* HamburgerViewModel.swift */; };
		6D3BAC38265828A5007C5BDF /* CustomTextField.swift in Sources */ = {isa = PBXBuildFile; fileRef = 6D3BAC37265828A5007C5BDF /* CustomTextField.swift */; };
		6D3BAC3A2658D2B2007C5BDF /* RoundedCornerButton.swift in Sources */ = {isa = PBXBuildFile; fileRef = 6D3BAC392658D2B2007C5BDF /* RoundedCornerButton.swift */; };
		6D3BAC3E2659686A007C5BDF /* LineView.swift in Sources */ = {isa = PBXBuildFile; fileRef = 6D3BAC3D2659686A007C5BDF /* LineView.swift */; };
		6D553B2C2673D90800459E25 /* ChatListTableViewCell.swift in Sources */ = {isa = PBXBuildFile; fileRef = 6D553B2B2673D90800459E25 /* ChatListTableViewCell.swift */; };
		6D553B34267504CA00459E25 /* ChatListTableViewCellViewModel.swift in Sources */ = {isa = PBXBuildFile; fileRef = 6D553B33267504CA00459E25 /* ChatListTableViewCellViewModel.swift */; };
		6D83E21D2662ACA600E93498 /* ChatAppUserModel.swift in Sources */ = {isa = PBXBuildFile; fileRef = 6D83E21C2662ACA600E93498 /* ChatAppUserModel.swift */; };
		6D87C407267A7E0D000554B8 /* SearchUserModel.swift in Sources */ = {isa = PBXBuildFile; fileRef = 6D87C406267A7E0D000554B8 /* SearchUserModel.swift */; };
		6D87C409267AA699000554B8 /* SearchResultTableViewCell.swift in Sources */ = {isa = PBXBuildFile; fileRef = 6D87C408267AA699000554B8 /* SearchResultTableViewCell.swift */; };
		6D87C40F267B41DE000554B8 /* SearchService.swift in Sources */ = {isa = PBXBuildFile; fileRef = 6D87C40E267B41DE000554B8 /* SearchService.swift */; };
		6D87C411267B5F4F000554B8 /* BuddyUserModel.swift in Sources */ = {isa = PBXBuildFile; fileRef = 6D87C410267B5F4F000554B8 /* BuddyUserModel.swift */; };
		6DA0FF002666807A00CA98DD /* ChatViewController.swift in Sources */ = {isa = PBXBuildFile; fileRef = 6DA0FEFF2666807A00CA98DD /* ChatViewController.swift */; };
		6DA0FF0226669F7200CA98DD /* ChatListViewModel.swift in Sources */ = {isa = PBXBuildFile; fileRef = 6DA0FF0126669F7200CA98DD /* ChatListViewModel.swift */; };
		6DA0FF052666A4FD00CA98DD /* ChatListViewProtocol.swift in Sources */ = {isa = PBXBuildFile; fileRef = 6DA0FF042666A4FC00CA98DD /* ChatListViewProtocol.swift */; };
		6DA0FF0926695AEC00CA98DD /* StorageManager.swift in Sources */ = {isa = PBXBuildFile; fileRef = 6DA0FF0826695AEC00CA98DD /* StorageManager.swift */; };
		6DA0FF0B266BAE6400CA98DD /* SearchUserViewModel.swift in Sources */ = {isa = PBXBuildFile; fileRef = 6DA0FF0A266BAE6400CA98DD /* SearchUserViewModel.swift */; };
		6DA0FF0D266BB06900CA98DD /* TypeAlias.swift in Sources */ = {isa = PBXBuildFile; fileRef = 6DA0FF0C266BB06900CA98DD /* TypeAlias.swift */; };
		6DA0FF0F266CCB9900CA98DD /* ChatViewModel.swift in Sources */ = {isa = PBXBuildFile; fileRef = 6DA0FF0E266CCB9900CA98DD /* ChatViewModel.swift */; };
		6DA3A03F26791F62003437DC /* MediaModel.swift in Sources */ = {isa = PBXBuildFile; fileRef = 6DA3A03E26791F62003437DC /* MediaModel.swift */; };
		6DB97E02265A314700CAD1D4 /* GoogleService-Info.plist in Resources */ = {isa = PBXBuildFile; fileRef = 6DB97E01265A314700CAD1D4 /* GoogleService-Info.plist */; };
		6DB97E05265A687500CAD1D4 /* RegisterViewModel.swift in Sources */ = {isa = PBXBuildFile; fileRef = 6DB97E04265A687500CAD1D4 /* RegisterViewModel.swift */; };
		6DB97E09265AC8FB00CAD1D4 /* ChatListMultiViewModel.swift in Sources */ = {isa = PBXBuildFile; fileRef = 6DB97E08265AC8FB00CAD1D4 /* ChatListMultiViewModel.swift */; };
		6DB97E0B265AD51D00CAD1D4 /* LogInViewModel.swift in Sources */ = {isa = PBXBuildFile; fileRef = 6DB97E0A265AD51C00CAD1D4 /* LogInViewModel.swift */; };
		6DB97E0D265AD5C100CAD1D4 /* ApiHandler.swift in Sources */ = {isa = PBXBuildFile; fileRef = 6DB97E0C265AD5C100CAD1D4 /* ApiHandler.swift */; };
		6DB97E0F265AD97100CAD1D4 /* Constants.swift in Sources */ = {isa = PBXBuildFile; fileRef = 6DB97E0E265AD97100CAD1D4 /* Constants.swift */; };
		6DBC6C6C2675D07100C47CA0 /* Protocols.swift in Sources */ = {isa = PBXBuildFile; fileRef = 6DBC6C6B2675D07100C47CA0 /* Protocols.swift */; };
		6DBC6C6E2675D09B00C47CA0 /* SenderModel.swift in Sources */ = {isa = PBXBuildFile; fileRef = 6DBC6C6D2675D09B00C47CA0 /* SenderModel.swift */; };
		6DBC6C702675D0D200C47CA0 /* MessageModel.swift in Sources */ = {isa = PBXBuildFile; fileRef = 6DBC6C6F2675D0D200C47CA0 /* MessageModel.swift */; };
		6DBC6C722675D0FA00C47CA0 /* ConversationThreadModel.swift in Sources */ = {isa = PBXBuildFile; fileRef = 6DBC6C712675D0FA00C47CA0 /* ConversationThreadModel.swift */; };
		6DBC6C742675D11500C47CA0 /* ConversationObjectModel.swift in Sources */ = {isa = PBXBuildFile; fileRef = 6DBC6C732675D11500C47CA0 /* ConversationObjectModel.swift */; };
		6DCB31AB266D0906004DEBD2 /* Utils.swift in Sources */ = {isa = PBXBuildFile; fileRef = 6DCB31AA266D0906004DEBD2 /* Utils.swift */; };
		6DF4C4722671186900961EA0 /* ChatService.swift in Sources */ = {isa = PBXBuildFile; fileRef = 6DF4C4712671186900961EA0 /* ChatService.swift */; };
/* End PBXBuildFile section */

/* Begin PBXFileReference section */
		36E162C6659804529547832D /* Pods_SafeMessenger.framework */ = {isa = PBXFileReference; explicitFileType = wrapper.framework; includeInIndex = 0; path = Pods_SafeMessenger.framework; sourceTree = BUILT_PRODUCTS_DIR; };
		580EC65609273ABFBAB74C4A /* Pods-SafeMessenger.release.xcconfig */ = {isa = PBXFileReference; includeInIndex = 1; lastKnownFileType = text.xcconfig; name = "Pods-SafeMessenger.release.xcconfig"; path = "Target Support Files/Pods-SafeMessenger/Pods-SafeMessenger.release.xcconfig"; sourceTree = "<group>"; };
		6D186FE32656F60F00CE46D9 /* SafeMessenger.app */ = {isa = PBXFileReference; explicitFileType = wrapper.application; includeInIndex = 0; path = SafeMessenger.app; sourceTree = BUILT_PRODUCTS_DIR; };
		6D186FE62656F60F00CE46D9 /* AppDelegate.swift */ = {isa = PBXFileReference; lastKnownFileType = sourcecode.swift; path = AppDelegate.swift; sourceTree = "<group>"; };
		6D186FE82656F60F00CE46D9 /* SceneDelegate.swift */ = {isa = PBXFileReference; lastKnownFileType = sourcecode.swift; path = SceneDelegate.swift; sourceTree = "<group>"; };
		6D186FEA2656F60F00CE46D9 /* ChatListViewController.swift */ = {isa = PBXFileReference; lastKnownFileType = sourcecode.swift; path = ChatListViewController.swift; sourceTree = "<group>"; };
		6D186FED2656F60F00CE46D9 /* Base */ = {isa = PBXFileReference; lastKnownFileType = file.storyboard; name = Base; path = Base.lproj/Main.storyboard; sourceTree = "<group>"; };
		6D186FF22656F61100CE46D9 /* Base */ = {isa = PBXFileReference; lastKnownFileType = file.storyboard; name = Base; path = Base.lproj/LaunchScreen.storyboard; sourceTree = "<group>"; };
		6D186FF42656F61100CE46D9 /* Info.plist */ = {isa = PBXFileReference; lastKnownFileType = text.plist.xml; path = Info.plist; sourceTree = "<group>"; };
		6D1870002656F82400CE46D9 /* LogInViewController.swift */ = {isa = PBXFileReference; lastKnownFileType = sourcecode.swift; path = LogInViewController.swift; sourceTree = "<group>"; };
		6D1870022656F82D00CE46D9 /* RegisterViewController.swift */ = {isa = PBXFileReference; lastKnownFileType = sourcecode.swift; path = RegisterViewController.swift; sourceTree = "<group>"; };
		6D1870042656F85600CE46D9 /* ImageViewerViewController.swift */ = {isa = PBXFileReference; lastKnownFileType = sourcecode.swift; path = ImageViewerViewController.swift; sourceTree = "<group>"; };
		6D1870062656F86300CE46D9 /* VideoPlayerViewController.swift */ = {isa = PBXFileReference; lastKnownFileType = sourcecode.swift; path = VideoPlayerViewController.swift; sourceTree = "<group>"; };
		6D1870082656F87600CE46D9 /* SearchUserViewController.swift */ = {isa = PBXFileReference; lastKnownFileType = sourcecode.swift; path = SearchUserViewController.swift; sourceTree = "<group>"; };
		6D18700A2656F88000CE46D9 /* ProfileViewController.swift */ = {isa = PBXFileReference; lastKnownFileType = sourcecode.swift; path = ProfileViewController.swift; sourceTree = "<group>"; };
		6D1870102657C35E00CE46D9 /* Assets.xcassets */ = {isa = PBXFileReference; lastKnownFileType = folder.assetcatalog; path = Assets.xcassets; sourceTree = "<group>"; };
		6D1870132657F80F00CE46D9 /* Extensions.swift */ = {isa = PBXFileReference; lastKnownFileType = sourcecode.swift; path = Extensions.swift; sourceTree = "<group>"; };
		6D1A43CD26623D130009C356 /* ChatListMultiViewController.swift */ = {isa = PBXFileReference; lastKnownFileType = sourcecode.swift; path = ChatListMultiViewController.swift; sourceTree = "<group>"; };
		6D1A43CF266268020009C356 /* HamburgerViewController.swift */ = {isa = PBXFileReference; lastKnownFileType = sourcecode.swift; path = HamburgerViewController.swift; sourceTree = "<group>"; };
		6D1A43D1266269F60009C356 /* HamburgerViewModel.swift */ = {isa = PBXFileReference; lastKnownFileType = sourcecode.swift; path = HamburgerViewModel.swift; sourceTree = "<group>"; };
		6D3BAC37265828A5007C5BDF /* CustomTextField.swift */ = {isa = PBXFileReference; lastKnownFileType = sourcecode.swift; path = CustomTextField.swift; sourceTree = "<group>"; };
		6D3BAC392658D2B2007C5BDF /* RoundedCornerButton.swift */ = {isa = PBXFileReference; lastKnownFileType = sourcecode.swift; path = RoundedCornerButton.swift; sourceTree = "<group>"; };
		6D3BAC3D2659686A007C5BDF /* LineView.swift */ = {isa = PBXFileReference; lastKnownFileType = sourcecode.swift; path = LineView.swift; sourceTree = "<group>"; };
		6D553B2B2673D90800459E25 /* ChatListTableViewCell.swift */ = {isa = PBXFileReference; lastKnownFileType = sourcecode.swift; path = ChatListTableViewCell.swift; sourceTree = "<group>"; };
		6D553B33267504CA00459E25 /* ChatListTableViewCellViewModel.swift */ = {isa = PBXFileReference; lastKnownFileType = sourcecode.swift; path = ChatListTableViewCellViewModel.swift; sourceTree = "<group>"; };
		6D83E21C2662ACA600E93498 /* ChatAppUserModel.swift */ = {isa = PBXFileReference; lastKnownFileType = sourcecode.swift; path = ChatAppUserModel.swift; sourceTree = "<group>"; };
		6D87C406267A7E0D000554B8 /* SearchUserModel.swift */ = {isa = PBXFileReference; lastKnownFileType = sourcecode.swift; path = SearchUserModel.swift; sourceTree = "<group>"; };
		6D87C408267AA699000554B8 /* SearchResultTableViewCell.swift */ = {isa = PBXFileReference; lastKnownFileType = sourcecode.swift; path = SearchResultTableViewCell.swift; sourceTree = "<group>"; };
		6D87C40E267B41DE000554B8 /* SearchService.swift */ = {isa = PBXFileReference; lastKnownFileType = sourcecode.swift; path = SearchService.swift; sourceTree = "<group>"; };
		6D87C410267B5F4F000554B8 /* BuddyUserModel.swift */ = {isa = PBXFileReference; lastKnownFileType = sourcecode.swift; path = BuddyUserModel.swift; sourceTree = "<group>"; };
		6DA0FEFF2666807A00CA98DD /* ChatViewController.swift */ = {isa = PBXFileReference; lastKnownFileType = sourcecode.swift; path = ChatViewController.swift; sourceTree = "<group>"; };
		6DA0FF0126669F7200CA98DD /* ChatListViewModel.swift */ = {isa = PBXFileReference; lastKnownFileType = sourcecode.swift; path = ChatListViewModel.swift; sourceTree = "<group>"; };
		6DA0FF042666A4FC00CA98DD /* ChatListViewProtocol.swift */ = {isa = PBXFileReference; lastKnownFileType = sourcecode.swift; path = ChatListViewProtocol.swift; sourceTree = "<group>"; };
		6DA0FF0826695AEC00CA98DD /* StorageManager.swift */ = {isa = PBXFileReference; lastKnownFileType = sourcecode.swift; path = StorageManager.swift; sourceTree = "<group>"; };
		6DA0FF0A266BAE6400CA98DD /* SearchUserViewModel.swift */ = {isa = PBXFileReference; lastKnownFileType = sourcecode.swift; path = SearchUserViewModel.swift; sourceTree = "<group>"; };
		6DA0FF0C266BB06900CA98DD /* TypeAlias.swift */ = {isa = PBXFileReference; lastKnownFileType = sourcecode.swift; path = TypeAlias.swift; sourceTree = "<group>"; };
		6DA0FF0E266CCB9900CA98DD /* ChatViewModel.swift */ = {isa = PBXFileReference; lastKnownFileType = sourcecode.swift; path = ChatViewModel.swift; sourceTree = "<group>"; };
		6DA3A03E26791F62003437DC /* MediaModel.swift */ = {isa = PBXFileReference; lastKnownFileType = sourcecode.swift; path = MediaModel.swift; sourceTree = "<group>"; };
		6DB97E01265A314700CAD1D4 /* GoogleService-Info.plist */ = {isa = PBXFileReference; fileEncoding = 4; lastKnownFileType = text.plist.xml; path = "GoogleService-Info.plist"; sourceTree = "<group>"; };
		6DB97E04265A687500CAD1D4 /* RegisterViewModel.swift */ = {isa = PBXFileReference; lastKnownFileType = sourcecode.swift; path = RegisterViewModel.swift; sourceTree = "<group>"; };
		6DB97E08265AC8FB00CAD1D4 /* ChatListMultiViewModel.swift */ = {isa = PBXFileReference; lastKnownFileType = sourcecode.swift; path = ChatListMultiViewModel.swift; sourceTree = "<group>"; };
		6DB97E0A265AD51C00CAD1D4 /* LogInViewModel.swift */ = {isa = PBXFileReference; lastKnownFileType = sourcecode.swift; path = LogInViewModel.swift; sourceTree = "<group>"; };
		6DB97E0C265AD5C100CAD1D4 /* ApiHandler.swift */ = {isa = PBXFileReference; lastKnownFileType = sourcecode.swift; path = ApiHandler.swift; sourceTree = "<group>"; };
		6DB97E0E265AD97100CAD1D4 /* Constants.swift */ = {isa = PBXFileReference; lastKnownFileType = sourcecode.swift; path = Constants.swift; sourceTree = "<group>"; };
		6DBC6C6B2675D07100C47CA0 /* Protocols.swift */ = {isa = PBXFileReference; lastKnownFileType = sourcecode.swift; path = Protocols.swift; sourceTree = "<group>"; };
		6DBC6C6D2675D09B00C47CA0 /* SenderModel.swift */ = {isa = PBXFileReference; lastKnownFileType = sourcecode.swift; path = SenderModel.swift; sourceTree = "<group>"; };
		6DBC6C6F2675D0D200C47CA0 /* MessageModel.swift */ = {isa = PBXFileReference; lastKnownFileType = sourcecode.swift; path = MessageModel.swift; sourceTree = "<group>"; };
		6DBC6C712675D0FA00C47CA0 /* ConversationThreadModel.swift */ = {isa = PBXFileReference; lastKnownFileType = sourcecode.swift; path = ConversationThreadModel.swift; sourceTree = "<group>"; };
		6DBC6C732675D11500C47CA0 /* ConversationObjectModel.swift */ = {isa = PBXFileReference; lastKnownFileType = sourcecode.swift; path = ConversationObjectModel.swift; sourceTree = "<group>"; };
		6DCB31AA266D0906004DEBD2 /* Utils.swift */ = {isa = PBXFileReference; lastKnownFileType = sourcecode.swift; path = Utils.swift; sourceTree = "<group>"; };
		6DF4C4712671186900961EA0 /* ChatService.swift */ = {isa = PBXFileReference; lastKnownFileType = sourcecode.swift; path = ChatService.swift; sourceTree = "<group>"; };
		A40BF8C99831D0D56AC590E3 /* Pods-SafeMessenger.debug.xcconfig */ = {isa = PBXFileReference; includeInIndex = 1; lastKnownFileType = text.xcconfig; name = "Pods-SafeMessenger.debug.xcconfig"; path = "Target Support Files/Pods-SafeMessenger/Pods-SafeMessenger.debug.xcconfig"; sourceTree = "<group>"; };
/* End PBXFileReference section */

/* Begin PBXFrameworksBuildPhase section */
		6D186FE02656F60F00CE46D9 /* Frameworks */ = {
			isa = PBXFrameworksBuildPhase;
			buildActionMask = 2147483647;
			files = (
				5ED4C05E9BA0611308543724 /* Pods_SafeMessenger.framework in Frameworks */,
			);
			runOnlyForDeploymentPostprocessing = 0;
		};
/* End PBXFrameworksBuildPhase section */

/* Begin PBXGroup section */
		0739B1908537539A6AA7D156 /* Pods */ = {
			isa = PBXGroup;
			children = (
				A40BF8C99831D0D56AC590E3 /* Pods-SafeMessenger.debug.xcconfig */,
				580EC65609273ABFBAB74C4A /* Pods-SafeMessenger.release.xcconfig */,
			);
			path = Pods;
			sourceTree = "<group>";
		};
		6D186FDA2656F60E00CE46D9 = {
			isa = PBXGroup;
			children = (
				6D186FE52656F60F00CE46D9 /* SafeMessenger */,
				6D186FE42656F60F00CE46D9 /* Products */,
				0739B1908537539A6AA7D156 /* Pods */,
				97BA5778F5EA78FA11A40586 /* Frameworks */,
			);
			sourceTree = "<group>";
		};
		6D186FE42656F60F00CE46D9 /* Products */ = {
			isa = PBXGroup;
			children = (
				6D186FE32656F60F00CE46D9 /* SafeMessenger.app */,
			);
			name = Products;
			sourceTree = "<group>";
		};
		6D186FE52656F60F00CE46D9 /* SafeMessenger */ = {
			isa = PBXGroup;
			children = (
				6DB97E01265A314700CAD1D4 /* GoogleService-Info.plist */,
				6D186FF42656F61100CE46D9 /* Info.plist */,
				6D186FFE2656F72600CE46D9 /* Resources */,
				6D1870122657F7FD00CE46D9 /* Helpers */,
				6D553B2E2674794700459E25 /* Network Managers */,
				6D186FFD2656F72000CE46D9 /* Models */,
				6D186FFB2656F6FD00CE46D9 /* UIElements */,
				6D186FFC2656F70900CE46D9 /* ViewModels */,
				6D186FFA2656F6F600CE46D9 /* Controllers */,
			);
			path = SafeMessenger;
			sourceTree = "<group>";
		};
		6D186FFA2656F6F600CE46D9 /* Controllers */ = {
			isa = PBXGroup;
			children = (
				6DA0FF032666A49100CA98DD /* Protocol */,
				6D87C40D267AA6D8000554B8 /* ChatControllers */,
				6D18700D265783E000CE46D9 /* LogIn */,
				6D1A43CF266268020009C356 /* HamburgerViewController.swift */,
				6D1870042656F85600CE46D9 /* ImageViewerViewController.swift */,
				6D1870062656F86300CE46D9 /* VideoPlayerViewController.swift */,
				6D1870082656F87600CE46D9 /* SearchUserViewController.swift */,
				6D18700A2656F88000CE46D9 /* ProfileViewController.swift */,
			);
			path = Controllers;
			sourceTree = "<group>";
		};
		6D186FFB2656F6FD00CE46D9 /* UIElements */ = {
			isa = PBXGroup;
			children = (
				6D553B2D2673D91D00459E25 /* TableViewCell */,
				6D186FFF2656F75400CE46D9 /* Storyboards */,
				6D3BAC37265828A5007C5BDF /* CustomTextField.swift */,
				6D3BAC392658D2B2007C5BDF /* RoundedCornerButton.swift */,
				6D3BAC3D2659686A007C5BDF /* LineView.swift */,
			);
			path = UIElements;
			sourceTree = "<group>";
		};
		6D186FFC2656F70900CE46D9 /* ViewModels */ = {
			isa = PBXGroup;
			children = (
				6D87C40C267AA6BD000554B8 /* CellViewModel */,
				6DB97E04265A687500CAD1D4 /* RegisterViewModel.swift */,
				6DB97E08265AC8FB00CAD1D4 /* ChatListMultiViewModel.swift */,
				6DB97E0A265AD51C00CAD1D4 /* LogInViewModel.swift */,
				6D1A43D1266269F60009C356 /* HamburgerViewModel.swift */,
				6DA0FF0126669F7200CA98DD /* ChatListViewModel.swift */,
				6DA0FF0A266BAE6400CA98DD /* SearchUserViewModel.swift */,
				6DA0FF0E266CCB9900CA98DD /* ChatViewModel.swift */,
			);
			path = ViewModels;
			sourceTree = "<group>";
		};
		6D186FFD2656F72000CE46D9 /* Models */ = {
			isa = PBXGroup;
			children = (
				6D83E21C2662ACA600E93498 /* ChatAppUserModel.swift */,
				6DBC6C6D2675D09B00C47CA0 /* SenderModel.swift */,
				6DBC6C6F2675D0D200C47CA0 /* MessageModel.swift */,
				6DBC6C712675D0FA00C47CA0 /* ConversationThreadModel.swift */,
				6DBC6C732675D11500C47CA0 /* ConversationObjectModel.swift */,
				6DA3A03E26791F62003437DC /* MediaModel.swift */,
				6D87C406267A7E0D000554B8 /* SearchUserModel.swift */,
				6D87C410267B5F4F000554B8 /* BuddyUserModel.swift */,
			);
			path = Models;
			sourceTree = "<group>";
		};
		6D186FFE2656F72600CE46D9 /* Resources */ = {
			isa = PBXGroup;
			children = (
				6D1870102657C35E00CE46D9 /* Assets.xcassets */,
				6D186FE62656F60F00CE46D9 /* AppDelegate.swift */,
				6D186FE82656F60F00CE46D9 /* SceneDelegate.swift */,
			);
			path = Resources;
			sourceTree = "<group>";
		};
		6D186FFF2656F75400CE46D9 /* Storyboards */ = {
			isa = PBXGroup;
			children = (
				6D186FF12656F61100CE46D9 /* LaunchScreen.storyboard */,
				6D186FEC2656F60F00CE46D9 /* Main.storyboard */,
			);
			path = Storyboards;
			sourceTree = "<group>";
		};
		6D18700D265783E000CE46D9 /* LogIn */ = {
			isa = PBXGroup;
			children = (
				6D1870002656F82400CE46D9 /* LogInViewController.swift */,
				6D1870022656F82D00CE46D9 /* RegisterViewController.swift */,
			);
			path = LogIn;
			sourceTree = "<group>";
		};
		6D1870122657F7FD00CE46D9 /* Helpers */ = {
			isa = PBXGroup;
			children = (
				6D1870132657F80F00CE46D9 /* Extensions.swift */,
				6DB97E0E265AD97100CAD1D4 /* Constants.swift */,
				6DA0FF0C266BB06900CA98DD /* TypeAlias.swift */,
				6DCB31AA266D0906004DEBD2 /* Utils.swift */,
				6DBC6C6B2675D07100C47CA0 /* Protocols.swift */,
			);
			path = Helpers;
			sourceTree = "<group>";
		};
		6D553B2D2673D91D00459E25 /* TableViewCell */ = {
			isa = PBXGroup;
			children = (
				6D553B2B2673D90800459E25 /* ChatListTableViewCell.swift */,
				6D87C408267AA699000554B8 /* SearchResultTableViewCell.swift */,
			);
			path = TableViewCell;
			sourceTree = "<group>";
		};
		6D553B2E2674794700459E25 /* Network Managers */ = {
			isa = PBXGroup;
			children = (
				6DB97E0C265AD5C100CAD1D4 /* ApiHandler.swift */,
				6DF4C4712671186900961EA0 /* ChatService.swift */,
				6D87C40E267B41DE000554B8 /* SearchService.swift */,
				6DA0FF0826695AEC00CA98DD /* StorageManager.swift */,
			);
			path = "Network Managers";
			sourceTree = "<group>";
		};
		6D87C40C267AA6BD000554B8 /* CellViewModel */ = {
			isa = PBXGroup;
			children = (
				6D553B33267504CA00459E25 /* ChatListTableViewCellViewModel.swift */,
			);
			path = CellViewModel;
			sourceTree = "<group>";
		};
		6D87C40D267AA6D8000554B8 /* ChatControllers */ = {
			isa = PBXGroup;
			children = (
				6D1A43CD26623D130009C356 /* ChatListMultiViewController.swift */,
				6D186FEA2656F60F00CE46D9 /* ChatListViewController.swift */,
				6DA0FEFF2666807A00CA98DD /* ChatViewController.swift */,
			);
			path = ChatControllers;
			sourceTree = "<group>";
		};
		6DA0FF032666A49100CA98DD /* Protocol */ = {
			isa = PBXGroup;
			children = (
				6DA0FF042666A4FC00CA98DD /* ChatListViewProtocol.swift */,
			);
			path = Protocol;
			sourceTree = "<group>";
		};
		97BA5778F5EA78FA11A40586 /* Frameworks */ = {
			isa = PBXGroup;
			children = (
				36E162C6659804529547832D /* Pods_SafeMessenger.framework */,
			);
			name = Frameworks;
			sourceTree = "<group>";
		};
/* End PBXGroup section */

/* Begin PBXNativeTarget section */
		6D186FE22656F60F00CE46D9 /* SafeMessenger */ = {
			isa = PBXNativeTarget;
			buildConfigurationList = 6D186FF72656F61100CE46D9 /* Build configuration list for PBXNativeTarget "SafeMessenger" */;
			buildPhases = (
				C111CC13073A463984E7CB2A /* [CP] Check Pods Manifest.lock */,
				6D186FDF2656F60F00CE46D9 /* Sources */,
				6D186FE02656F60F00CE46D9 /* Frameworks */,
				6D186FE12656F60F00CE46D9 /* Resources */,
				8AE6DF991D57290348C38430 /* [CP] Embed Pods Frameworks */,
				8060FD7774DBB873F26AD610 /* [CP] Copy Pods Resources */,
			);
			buildRules = (
			);
			dependencies = (
			);
			name = SafeMessenger;
			productName = SafeMessenger;
			productReference = 6D186FE32656F60F00CE46D9 /* SafeMessenger.app */;
			productType = "com.apple.product-type.application";
		};
/* End PBXNativeTarget section */

/* Begin PBXProject section */
		6D186FDB2656F60E00CE46D9 /* Project object */ = {
			isa = PBXProject;
			attributes = {
				LastSwiftUpdateCheck = 1250;
				LastUpgradeCheck = 1250;
				TargetAttributes = {
					6D186FE22656F60F00CE46D9 = {
						CreatedOnToolsVersion = 12.5;
					};
				};
			};
			buildConfigurationList = 6D186FDE2656F60E00CE46D9 /* Build configuration list for PBXProject "SafeMessenger" */;
			compatibilityVersion = "Xcode 9.3";
			developmentRegion = en;
			hasScannedForEncodings = 0;
			knownRegions = (
				en,
				Base,
			);
			mainGroup = 6D186FDA2656F60E00CE46D9;
			productRefGroup = 6D186FE42656F60F00CE46D9 /* Products */;
			projectDirPath = "";
			projectRoot = "";
			targets = (
				6D186FE22656F60F00CE46D9 /* SafeMessenger */,
			);
		};
/* End PBXProject section */

/* Begin PBXResourcesBuildPhase section */
		6D186FE12656F60F00CE46D9 /* Resources */ = {
			isa = PBXResourcesBuildPhase;
			buildActionMask = 2147483647;
			files = (
				6D186FF32656F61100CE46D9 /* LaunchScreen.storyboard in Resources */,
				6DB97E02265A314700CAD1D4 /* GoogleService-Info.plist in Resources */,
				6D1870112657C35E00CE46D9 /* Assets.xcassets in Resources */,
				6D186FEE2656F60F00CE46D9 /* Main.storyboard in Resources */,
			);
			runOnlyForDeploymentPostprocessing = 0;
		};
/* End PBXResourcesBuildPhase section */

/* Begin PBXShellScriptBuildPhase section */
		8060FD7774DBB873F26AD610 /* [CP] Copy Pods Resources */ = {
			isa = PBXShellScriptBuildPhase;
			buildActionMask = 2147483647;
			files = (
			);
			inputFileListPaths = (
				"${PODS_ROOT}/Target Support Files/Pods-SafeMessenger/Pods-SafeMessenger-resources-${CONFIGURATION}-input-files.xcfilelist",
			);
			name = "[CP] Copy Pods Resources";
			outputFileListPaths = (
				"${PODS_ROOT}/Target Support Files/Pods-SafeMessenger/Pods-SafeMessenger-resources-${CONFIGURATION}-output-files.xcfilelist",
			);
			runOnlyForDeploymentPostprocessing = 0;
			shellPath = /bin/sh;
			shellScript = "\"${PODS_ROOT}/Target Support Files/Pods-SafeMessenger/Pods-SafeMessenger-resources.sh\"\n";
			showEnvVarsInLog = 0;
		};
		8AE6DF991D57290348C38430 /* [CP] Embed Pods Frameworks */ = {
			isa = PBXShellScriptBuildPhase;
			buildActionMask = 2147483647;
			files = (
			);
			inputFileListPaths = (
				"${PODS_ROOT}/Target Support Files/Pods-SafeMessenger/Pods-SafeMessenger-frameworks-${CONFIGURATION}-input-files.xcfilelist",
			);
			name = "[CP] Embed Pods Frameworks";
			outputFileListPaths = (
				"${PODS_ROOT}/Target Support Files/Pods-SafeMessenger/Pods-SafeMessenger-frameworks-${CONFIGURATION}-output-files.xcfilelist",
			);
			runOnlyForDeploymentPostprocessing = 0;
			shellPath = /bin/sh;
			shellScript = "\"${PODS_ROOT}/Target Support Files/Pods-SafeMessenger/Pods-SafeMessenger-frameworks.sh\"\n";
			showEnvVarsInLog = 0;
		};
		C111CC13073A463984E7CB2A /* [CP] Check Pods Manifest.lock */ = {
			isa = PBXShellScriptBuildPhase;
			buildActionMask = 2147483647;
			files = (
			);
			inputFileListPaths = (
			);
			inputPaths = (
				"${PODS_PODFILE_DIR_PATH}/Podfile.lock",
				"${PODS_ROOT}/Manifest.lock",
			);
			name = "[CP] Check Pods Manifest.lock";
			outputFileListPaths = (
			);
			outputPaths = (
				"$(DERIVED_FILE_DIR)/Pods-SafeMessenger-checkManifestLockResult.txt",
			);
			runOnlyForDeploymentPostprocessing = 0;
			shellPath = /bin/sh;
			shellScript = "diff \"${PODS_PODFILE_DIR_PATH}/Podfile.lock\" \"${PODS_ROOT}/Manifest.lock\" > /dev/null\nif [ $? != 0 ] ; then\n    # print error to STDERR\n    echo \"error: The sandbox is not in sync with the Podfile.lock. Run 'pod install' or update your CocoaPods installation.\" >&2\n    exit 1\nfi\n# This output is used by Xcode 'outputs' to avoid re-running this script phase.\necho \"SUCCESS\" > \"${SCRIPT_OUTPUT_FILE_0}\"\n";
			showEnvVarsInLog = 0;
		};
/* End PBXShellScriptBuildPhase section */

/* Begin PBXSourcesBuildPhase section */
		6D186FDF2656F60F00CE46D9 /* Sources */ = {
			isa = PBXSourcesBuildPhase;
			buildActionMask = 2147483647;
			files = (
				6DB97E0D265AD5C100CAD1D4 /* ApiHandler.swift in Sources */,
				6DA0FF0D266BB06900CA98DD /* TypeAlias.swift in Sources */,
				6D3BAC38265828A5007C5BDF /* CustomTextField.swift in Sources */,
				6D1870052656F85600CE46D9 /* ImageViewerViewController.swift in Sources */,
				6D1A43D2266269F60009C356 /* HamburgerViewModel.swift in Sources */,
				6D1A43CE26623D130009C356 /* ChatListMultiViewController.swift in Sources */,
				6D1870012656F82400CE46D9 /* LogInViewController.swift in Sources */,
				6D1870092656F87600CE46D9 /* SearchUserViewController.swift in Sources */,
				6DB97E0B265AD51D00CAD1D4 /* LogInViewModel.swift in Sources */,
				6D553B2C2673D90800459E25 /* ChatListTableViewCell.swift in Sources */,
				6D3BAC3E2659686A007C5BDF /* LineView.swift in Sources */,
				6D1A43D0266268020009C356 /* HamburgerViewController.swift in Sources */,
				6D1870032656F82D00CE46D9 /* RegisterViewController.swift in Sources */,
				6D1870072656F86300CE46D9 /* VideoPlayerViewController.swift in Sources */,
				6D1870142657F80F00CE46D9 /* Extensions.swift in Sources */,
				6DA0FF0226669F7200CA98DD /* ChatListViewModel.swift in Sources */,
				6D3BAC3A2658D2B2007C5BDF /* RoundedCornerButton.swift in Sources */,
				6DB97E05265A687500CAD1D4 /* RegisterViewModel.swift in Sources */,
				6D186FEB2656F60F00CE46D9 /* ChatListViewController.swift in Sources */,
				6DA0FF002666807A00CA98DD /* ChatViewController.swift in Sources */,
				6D83E21D2662ACA600E93498 /* ChatAppUserModel.swift in Sources */,
				6DCB31AB266D0906004DEBD2 /* Utils.swift in Sources */,
				6D18700B2656F88000CE46D9 /* ProfileViewController.swift in Sources */,
				6DA0FF0926695AEC00CA98DD /* StorageManager.swift in Sources */,
				6DB97E09265AC8FB00CAD1D4 /* ChatListMultiViewModel.swift in Sources */,
				6DA0FF0B266BAE6400CA98DD /* SearchUserViewModel.swift in Sources */,
				6DA3A03F26791F62003437DC /* MediaModel.swift in Sources */,
				6D186FE72656F60F00CE46D9 /* AppDelegate.swift in Sources */,
				6DBC6C722675D0FA00C47CA0 /* ConversationThreadModel.swift in Sources */,
				6D186FE92656F60F00CE46D9 /* SceneDelegate.swift in Sources */,
				6D87C407267A7E0D000554B8 /* SearchUserModel.swift in Sources */,
				6DB97E0F265AD97100CAD1D4 /* Constants.swift in Sources */,
				6DBC6C742675D11500C47CA0 /* ConversationObjectModel.swift in Sources */,
				6DBC6C6C2675D07100C47CA0 /* Protocols.swift in Sources */,
				6D553B34267504CA00459E25 /* ChatListTableViewCellViewModel.swift in Sources */,
				6D87C409267AA699000554B8 /* SearchResultTableViewCell.swift in Sources */,
				6DBC6C702675D0D200C47CA0 /* MessageModel.swift in Sources */,
				6DF4C4722671186900961EA0 /* ChatService.swift in Sources */,
				6DA0FF0F266CCB9900CA98DD /* ChatViewModel.swift in Sources */,
				6D87C40F267B41DE000554B8 /* SearchService.swift in Sources */,
				6D87C411267B5F4F000554B8 /* BuddyUserModel.swift in Sources */,
				6DBC6C6E2675D09B00C47CA0 /* SenderModel.swift in Sources */,
				6DA0FF052666A4FD00CA98DD /* ChatListViewProtocol.swift in Sources */,
			);
			runOnlyForDeploymentPostprocessing = 0;
		};
/* End PBXSourcesBuildPhase section */

/* Begin PBXVariantGroup section */
		6D186FEC2656F60F00CE46D9 /* Main.storyboard */ = {
			isa = PBXVariantGroup;
			children = (
				6D186FED2656F60F00CE46D9 /* Base */,
			);
			name = Main.storyboard;
			sourceTree = "<group>";
		};
		6D186FF12656F61100CE46D9 /* LaunchScreen.storyboard */ = {
			isa = PBXVariantGroup;
			children = (
				6D186FF22656F61100CE46D9 /* Base */,
			);
			name = LaunchScreen.storyboard;
			sourceTree = "<group>";
		};
/* End PBXVariantGroup section */

/* Begin XCBuildConfiguration section */
		6D186FF52656F61100CE46D9 /* Debug */ = {
			isa = XCBuildConfiguration;
			buildSettings = {
				ALWAYS_SEARCH_USER_PATHS = NO;
				CLANG_ANALYZER_NONNULL = YES;
				CLANG_ANALYZER_NUMBER_OBJECT_CONVERSION = YES_AGGRESSIVE;
				CLANG_CXX_LANGUAGE_STANDARD = "gnu++14";
				CLANG_CXX_LIBRARY = "libc++";
				CLANG_ENABLE_MODULES = YES;
				CLANG_ENABLE_OBJC_ARC = YES;
				CLANG_ENABLE_OBJC_WEAK = YES;
				CLANG_WARN_BLOCK_CAPTURE_AUTORELEASING = YES;
				CLANG_WARN_BOOL_CONVERSION = YES;
				CLANG_WARN_COMMA = YES;
				CLANG_WARN_CONSTANT_CONVERSION = YES;
				CLANG_WARN_DEPRECATED_OBJC_IMPLEMENTATIONS = YES;
				CLANG_WARN_DIRECT_OBJC_ISA_USAGE = YES_ERROR;
				CLANG_WARN_DOCUMENTATION_COMMENTS = YES;
				CLANG_WARN_EMPTY_BODY = YES;
				CLANG_WARN_ENUM_CONVERSION = YES;
				CLANG_WARN_INFINITE_RECURSION = YES;
				CLANG_WARN_INT_CONVERSION = YES;
				CLANG_WARN_NON_LITERAL_NULL_CONVERSION = YES;
				CLANG_WARN_OBJC_IMPLICIT_RETAIN_SELF = YES;
				CLANG_WARN_OBJC_LITERAL_CONVERSION = YES;
				CLANG_WARN_OBJC_ROOT_CLASS = YES_ERROR;
				CLANG_WARN_QUOTED_INCLUDE_IN_FRAMEWORK_HEADER = YES;
				CLANG_WARN_RANGE_LOOP_ANALYSIS = YES;
				CLANG_WARN_STRICT_PROTOTYPES = YES;
				CLANG_WARN_SUSPICIOUS_MOVE = YES;
				CLANG_WARN_UNGUARDED_AVAILABILITY = YES_AGGRESSIVE;
				CLANG_WARN_UNREACHABLE_CODE = YES;
				CLANG_WARN__DUPLICATE_METHOD_MATCH = YES;
				COPY_PHASE_STRIP = NO;
				DEBUG_INFORMATION_FORMAT = dwarf;
				ENABLE_STRICT_OBJC_MSGSEND = YES;
				ENABLE_TESTABILITY = YES;
				GCC_C_LANGUAGE_STANDARD = gnu11;
				GCC_DYNAMIC_NO_PIC = NO;
				GCC_NO_COMMON_BLOCKS = YES;
				GCC_OPTIMIZATION_LEVEL = 0;
				GCC_PREPROCESSOR_DEFINITIONS = (
					"DEBUG=1",
					"$(inherited)",
				);
				GCC_WARN_64_TO_32_BIT_CONVERSION = YES;
				GCC_WARN_ABOUT_RETURN_TYPE = YES_ERROR;
				GCC_WARN_UNDECLARED_SELECTOR = YES;
				GCC_WARN_UNINITIALIZED_AUTOS = YES_AGGRESSIVE;
				GCC_WARN_UNUSED_FUNCTION = YES;
				GCC_WARN_UNUSED_VARIABLE = YES;
				IPHONEOS_DEPLOYMENT_TARGET = 14.5;
				MTL_ENABLE_DEBUG_INFO = INCLUDE_SOURCE;
				MTL_FAST_MATH = YES;
				ONLY_ACTIVE_ARCH = YES;
				SDKROOT = iphoneos;
				SWIFT_ACTIVE_COMPILATION_CONDITIONS = DEBUG;
				SWIFT_OPTIMIZATION_LEVEL = "-Onone";
			};
			name = Debug;
		};
		6D186FF62656F61100CE46D9 /* Release */ = {
			isa = XCBuildConfiguration;
			buildSettings = {
				ALWAYS_SEARCH_USER_PATHS = NO;
				CLANG_ANALYZER_NONNULL = YES;
				CLANG_ANALYZER_NUMBER_OBJECT_CONVERSION = YES_AGGRESSIVE;
				CLANG_CXX_LANGUAGE_STANDARD = "gnu++14";
				CLANG_CXX_LIBRARY = "libc++";
				CLANG_ENABLE_MODULES = YES;
				CLANG_ENABLE_OBJC_ARC = YES;
				CLANG_ENABLE_OBJC_WEAK = YES;
				CLANG_WARN_BLOCK_CAPTURE_AUTORELEASING = YES;
				CLANG_WARN_BOOL_CONVERSION = YES;
				CLANG_WARN_COMMA = YES;
				CLANG_WARN_CONSTANT_CONVERSION = YES;
				CLANG_WARN_DEPRECATED_OBJC_IMPLEMENTATIONS = YES;
				CLANG_WARN_DIRECT_OBJC_ISA_USAGE = YES_ERROR;
				CLANG_WARN_DOCUMENTATION_COMMENTS = YES;
				CLANG_WARN_EMPTY_BODY = YES;
				CLANG_WARN_ENUM_CONVERSION = YES;
				CLANG_WARN_INFINITE_RECURSION = YES;
				CLANG_WARN_INT_CONVERSION = YES;
				CLANG_WARN_NON_LITERAL_NULL_CONVERSION = YES;
				CLANG_WARN_OBJC_IMPLICIT_RETAIN_SELF = YES;
				CLANG_WARN_OBJC_LITERAL_CONVERSION = YES;
				CLANG_WARN_OBJC_ROOT_CLASS = YES_ERROR;
				CLANG_WARN_QUOTED_INCLUDE_IN_FRAMEWORK_HEADER = YES;
				CLANG_WARN_RANGE_LOOP_ANALYSIS = YES;
				CLANG_WARN_STRICT_PROTOTYPES = YES;
				CLANG_WARN_SUSPICIOUS_MOVE = YES;
				CLANG_WARN_UNGUARDED_AVAILABILITY = YES_AGGRESSIVE;
				CLANG_WARN_UNREACHABLE_CODE = YES;
				CLANG_WARN__DUPLICATE_METHOD_MATCH = YES;
				COPY_PHASE_STRIP = NO;
				DEBUG_INFORMATION_FORMAT = "dwarf-with-dsym";
				ENABLE_NS_ASSERTIONS = NO;
				ENABLE_STRICT_OBJC_MSGSEND = YES;
				GCC_C_LANGUAGE_STANDARD = gnu11;
				GCC_NO_COMMON_BLOCKS = YES;
				GCC_WARN_64_TO_32_BIT_CONVERSION = YES;
				GCC_WARN_ABOUT_RETURN_TYPE = YES_ERROR;
				GCC_WARN_UNDECLARED_SELECTOR = YES;
				GCC_WARN_UNINITIALIZED_AUTOS = YES_AGGRESSIVE;
				GCC_WARN_UNUSED_FUNCTION = YES;
				GCC_WARN_UNUSED_VARIABLE = YES;
				IPHONEOS_DEPLOYMENT_TARGET = 14.5;
				MTL_ENABLE_DEBUG_INFO = NO;
				MTL_FAST_MATH = YES;
				SDKROOT = iphoneos;
				SWIFT_COMPILATION_MODE = wholemodule;
				SWIFT_OPTIMIZATION_LEVEL = "-O";
				VALIDATE_PRODUCT = YES;
			};
			name = Release;
		};
		6D186FF82656F61100CE46D9 /* Debug */ = {
			isa = XCBuildConfiguration;
			baseConfigurationReference = A40BF8C99831D0D56AC590E3 /* Pods-SafeMessenger.debug.xcconfig */;
			buildSettings = {
				ASSETCATALOG_COMPILER_APPICON_NAME = AppIcon;
				ASSETCATALOG_COMPILER_GLOBAL_ACCENT_COLOR_NAME = AccentColor;
				CODE_SIGN_STYLE = Automatic;
				INFOPLIST_FILE = SafeMessenger/Info.plist;
				LD_RUNPATH_SEARCH_PATHS = (
					"$(inherited)",
					"@executable_path/Frameworks",
				);
				PRODUCT_BUNDLE_IDENTIFIER = SandeepKumar.SafeMessenger;
				PRODUCT_NAME = "$(TARGET_NAME)";
				SWIFT_VERSION = 5.0;
				TARGETED_DEVICE_FAMILY = "1,2";
			};
			name = Debug;
		};
		6D186FF92656F61100CE46D9 /* Release */ = {
			isa = XCBuildConfiguration;
			baseConfigurationReference = 580EC65609273ABFBAB74C4A /* Pods-SafeMessenger.release.xcconfig */;
			buildSettings = {
				ASSETCATALOG_COMPILER_APPICON_NAME = AppIcon;
				ASSETCATALOG_COMPILER_GLOBAL_ACCENT_COLOR_NAME = AccentColor;
				CODE_SIGN_STYLE = Automatic;
				INFOPLIST_FILE = SafeMessenger/Info.plist;
				LD_RUNPATH_SEARCH_PATHS = (
					"$(inherited)",
					"@executable_path/Frameworks",
				);
				PRODUCT_BUNDLE_IDENTIFIER = SandeepKumar.SafeMessenger;
				PRODUCT_NAME = "$(TARGET_NAME)";
				SWIFT_VERSION = 5.0;
				TARGETED_DEVICE_FAMILY = "1,2";
			};
			name = Release;
		};
/* End XCBuildConfiguration section */

/* Begin XCConfigurationList section */
		6D186FDE2656F60E00CE46D9 /* Build configuration list for PBXProject "SafeMessenger" */ = {
			isa = XCConfigurationList;
			buildConfigurations = (
				6D186FF52656F61100CE46D9 /* Debug */,
				6D186FF62656F61100CE46D9 /* Release */,
			);
			defaultConfigurationIsVisible = 0;
			defaultConfigurationName = Release;
		};
		6D186FF72656F61100CE46D9 /* Build configuration list for PBXNativeTarget "SafeMessenger" */ = {
			isa = XCConfigurationList;
			buildConfigurations = (
				6D186FF82656F61100CE46D9 /* Debug */,
				6D186FF92656F61100CE46D9 /* Release */,
			);
			defaultConfigurationIsVisible = 0;
			defaultConfigurationName = Release;
		};
/* End XCConfigurationList section */
	};
	rootObject = 6D186FDB2656F60E00CE46D9 /* Project object */;
}
